
Microsoft Visual Studio Solution File, Format Version 12.00
# Visual Studio Version 16
VisualStudioVersion = 16.0.30907.101
MinimumVisualStudioVersion = 10.0.40219.1
Project("{FAE04EC0-301F-11D3-BF4B-00C04F79EFBC}") = "cocycle_admin", "cocycle_admin\cocycle_admin.csproj", "{3E1AD952-589D-42CF-AC95-DC970E17EF68}"
EndProject
Global
	GlobalSection(SolutionConfigurationPlatforms) = preSolution
		Debug|Any CPU = Debug|Any CPU
		Release|Any CPU = Release|Any CPU
	EndGlobalSection
	GlobalSection(ProjectConfigurationPlatforms) = postSolution
		{3E1AD952-589D-42CF-AC95-DC970E17EF68}.Debug|Any CPU.ActiveCfg = Debug|Any CPU
		{3E1AD952-589D-42CF-AC95-DC970E17EF68}.Debug|Any CPU.Build.0 = Debug|Any CPU
		{3E1AD952-589D-42CF-AC95-DC970E17EF68}.Release|Any CPU.ActiveCfg = Release|Any CPU
		{3E1AD952-589D-42CF-AC95-DC970E17EF68}.Release|Any CPU.Build.0 = Release|Any CPU
	EndGlobalSection
	GlobalSection(SolutionProperties) = preSolution
		HideSolutionNode = FALSE
	EndGlobalSection
	GlobalSection(ExtensibilityGlobals) = postSolution
		SolutionGuid = {E6FE6AC5-5C95-4F94-A8AA-141724321E2D}
	EndGlobalSection
EndGlobal
